
Microsoft Visual Studio Solution File, Format Version 12.00
# Visual Studio Version 16
VisualStudioVersion = 16.0.29806.167
MinimumVisualStudioVersion = 10.0.40219.1
Project("{FAE04EC0-301F-11D3-BF4B-00C04F79EFBC}") = "Pharmacie", "Pharmacie.csproj", "{5A684D3A-AFD4-424E-96A2-A4911715D4BD}"
EndProject
Project("{FAE04EC0-301F-11D3-BF4B-00C04F79EFBC}") = "PharmacieTests", "..\PharmacieTests\PharmacieTests.csproj", "{DA9111E9-F8D5-42C0-8BD5-724D049F77F1}"
EndProject
Global
	GlobalSection(SolutionConfigurationPlatforms) = preSolution
		Debug|Any CPU = Debug|Any CPU
		Release|Any CPU = Release|Any CPU
	EndGlobalSection
	GlobalSection(ProjectConfigurationPlatforms) = postSolution
		{5A684D3A-AFD4-424E-96A2-A4911715D4BD}.Debug|Any CPU.ActiveCfg = Debug|Any CPU
		{5A684D3A-AFD4-424E-96A2-A4911715D4BD}.Debug|Any CPU.Build.0 = Debug|Any CPU
		{5A684D3A-AFD4-424E-96A2-A4911715D4BD}.Release|Any CPU.ActiveCfg = Release|Any CPU
		{5A684D3A-AFD4-424E-96A2-A4911715D4BD}.Release|Any CPU.Build.0 = Release|Any CPU
		{DA9111E9-F8D5-42C0-8BD5-724D049F77F1}.Debug|Any CPU.ActiveCfg = Debug|Any CPU
		{DA9111E9-F8D5-42C0-8BD5-724D049F77F1}.Debug|Any CPU.Build.0 = Debug|Any CPU
		{DA9111E9-F8D5-42C0-8BD5-724D049F77F1}.Release|Any CPU.ActiveCfg = Release|Any CPU
		{DA9111E9-F8D5-42C0-8BD5-724D049F77F1}.Release|Any CPU.Build.0 = Release|Any CPU
	EndGlobalSection
	GlobalSection(SolutionProperties) = preSolution
		HideSolutionNode = FALSE
	EndGlobalSection
	GlobalSection(ExtensibilityGlobals) = postSolution
		SolutionGuid = {CF745DC7-D01F-41C9-91BF-9594420EFF16}
	EndGlobalSection
EndGlobal
